// !$*UTF8*$!
{
	archiveVersion = 1;
	classes = {
	};
	objectVersion = 50;
	objects = {

/* Begin PBXBuildFile section */
		502E3D93224BB9DA00D86584 /* AppDelegate.swift in Sources */ = {isa = PBXBuildFile; fileRef = 502E3D92224BB9DA00D86584 /* AppDelegate.swift */; };
		502E3D95224BB9DA00D86584 /* ViewController.swift in Sources */ = {isa = PBXBuildFile; fileRef = 502E3D94224BB9DA00D86584 /* ViewController.swift */; };
		502E3D98224BB9DA00D86584 /* Main.storyboard in Resources */ = {isa = PBXBuildFile; fileRef = 502E3D96224BB9DA00D86584 /* Main.storyboard */; };
		502E3D9A224BB9DD00D86584 /* Assets.xcassets in Resources */ = {isa = PBXBuildFile; fileRef = 502E3D99224BB9DD00D86584 /* Assets.xcassets */; };
		502E3D9D224BB9DD00D86584 /* LaunchScreen.storyboard in Resources */ = {isa = PBXBuildFile; fileRef = 502E3D9B224BB9DD00D86584 /* LaunchScreen.storyboard */; };
/* End PBXBuildFile section */

/* Begin PBXFileReference section */
		502E3D8F224BB9DA00D86584 /* Exception.app */ = {isa = PBXFileReference; explicitFileType = wrapper.application; includeInIndex = 0; path = Exception.app; sourceTree = BUILT_PRODUCTS_DIR; };
		502E3D92224BB9DA00D86584 /* AppDelegate.swift */ = {isa = PBXFileReference; lastKnownFileType = sourcecode.swift; path = AppDelegate.swift; sourceTree = "<group>"; };
		502E3D94224BB9DA00D86584 /* ViewController.swift */ = {isa = PBXFileReference; lastKnownFileType = sourcecode.swift; path = ViewController.swift; sourceTree = "<group>"; };
		502E3D97224BB9DA00D86584 /* Base */ = {isa = PBXFileReference; lastKnownFileType = file.storyboard; name = Base; path = Base.lproj/Main.storyboard; sourceTree = "<group>"; };
		502E3D99224BB9DD00D86584 /* Assets.xcassets */ = {isa = PBXFileReference; lastKnownFileType = folder.assetcatalog; path = Assets.xcassets; sourceTree = "<group>"; };
		502E3D9C224BB9DD00D86584 /* Base */ = {isa = PBXFileReference; lastKnownFileType = file.storyboard; name = Base; path = Base.lproj/LaunchScreen.storyboard; sourceTree = "<group>"; };
		502E3D9E224BB9DD00D86584 /* Info.plist */ = {isa = PBXFileReference; lastKnownFileType = text.plist.xml; path = Info.plist; sourceTree = "<group>"; };
/* End PBXFileReference section */

/* Begin PBXFrameworksBuildPhase section */
		502E3D8C224BB9DA00D86584 /* Frameworks */ = {
			isa = PBXFrameworksBuildPhase;
			buildActionMask = 2147483647;
			files = (
			);
			runOnlyForDeploymentPostprocessing = 0;
		};
/* End PBXFrameworksBuildPhase section */

/* Begin PBXGroup section */
		502E3D86224BB9DA00D86584 = {
			isa = PBXGroup;
			children = (
				502E3D91224BB9DA00D86584 /* Exception */,
				502E3D90224BB9DA00D86584 /* Products */,
			);
			sourceTree = "<group>";
		};
		502E3D90224BB9DA00D86584 /* Products */ = {
			isa = PBXGroup;
			children = (
				502E3D8F224BB9DA00D86584 /* Exception.app */,
			);
			name = Products;
			sourceTree = "<group>";
		};
		502E3D91224BB9DA00D86584 /* Exception */ = {
			isa = PBXGroup;
			children = (
				502E3D92224BB9DA00D86584 /* AppDelegate.swift */,
				502E3D94224BB9DA00D86584 /* ViewController.swift */,
				502E3D96224BB9DA00D86584 /* Main.storyboard */,
				502E3D99224BB9DD00D86584 /* Assets.xcassets */,
				502E3D9B224BB9DD00D86584 /* LaunchScreen.storyboard */,
				502E3D9E224BB9DD00D86584 /* Info.plist */,
			);
			path = Exception;
			sourceTree = "<group>";
		};
/* End PBXGroup section */

/* Begin PBXNativeTarget section */
		502E3D8E224BB9DA00D86584 /* Exception */ = {
			isa = PBXNativeTarget;
			buildConfigurationList = 502E3DA1224BB9DD00D86584 /* Build configuration list for PBXNativeTarget "Exception" */;
			buildPhases = (
				502E3D8B224BB9DA00D86584 /* Sources */,
				502E3D8C224BB9DA00D86584 /* Frameworks */,
				502E3D8D224BB9DA00D86584 /* Resources */,
			);
			buildRules = (
			);
			dependencies = (
			);
			name = Exception;
			productName = Exception;
			productReference = 502E3D8F224BB9DA00D86584 /* Exception.app */;
			productType = "com.apple.product-type.application";
		};
/* End PBXNativeTarget section */

/* Begin PBXProject section */
		502E3D87224BB9DA00D86584 /* Project object */ = {
			isa = PBXProject;
			attributes = {
				LastSwiftUpdateCheck = 1010;
				LastUpgradeCheck = 1010;
				ORGANIZATIONNAME = "Aseel Alshohatee";
				TargetAttributes = {
					502E3D8E224BB9DA00D86584 = {
						CreatedOnToolsVersion = 10.1;
					};
				};
			};
			buildConfigurationList = 502E3D8A224BB9DA00D86584 /* Build configuration list for PBXProject "Exception" */;
			compatibilityVersion = "Xcode 9.3";
			developmentRegion = en;
			hasScannedForEncodings = 0;
			knownRegions = (
				en,
				Base,
			);
			mainGroup = 502E3D86224BB9DA00D86584;
			productRefGroup = 502E3D90224BB9DA00D86584 /* Products */;
			projectDirPath = "";
			projectRoot = "";
			targets = (
				502E3D8E224BB9DA00D86584 /* Exception */,
			);
		};
/* End PBXProject section */

/* Begin PBXResourcesBuildPhase section */
		502E3D8D224BB9DA00D86584 /* Resources */ = {
			isa = PBXResourcesBuildPhase;
			buildActionMask = 2147483647;
			files = (
				502E3D9D224BB9DD00D86584 /* LaunchScreen.storyboard in Resources */,
				502E3D9A224BB9DD00D86584 /* Assets.xcassets in Resources */,
				502E3D98224BB9DA00D86584 /* Main.storyboard in Resources */,
			);
			runOnlyForDeploymentPostprocessing = 0;
		};
/* End PBXResourcesBuildPhase section */

/* Begin PBXSourcesBuildPhase section */
		502E3D8B224BB9DA00D86584 /* Sources */ = {
			isa = PBXSourcesBuildPhase;
			buildActionMask = 2147483647;
			files = (
				502E3D95224BB9DA00D86584 /* ViewController.swift in Sources */,
				502E3D93224BB9DA00D86584 /* AppDelegate.swift in Sources */,
			);
			runOnlyForDeploymentPostprocessing = 0;
		};
/* End PBXSourcesBuildPhase section */

/* Begin PBXVariantGroup section */
		502E3D96224BB9DA00D86584 /* Main.storyboard */ = {
			isa = PBXVariantGroup;
			children = (
				502E3D97224BB9DA00D86584 /* Base */,
			);
			name = Main.storyboard;
			sourceTree = "<group>";
		};
		502E3D9B224BB9DD00D86584 /* LaunchScreen.storyboard */ = {
			isa = PBXVariantGroup;
			children = (
				502E3D9C224BB9DD00D86584 /* Base */,
			);
			name = LaunchScreen.storyboard;
			sourceTree = "<group>";
		};
/* End PBXVariantGroup section */

/* Begin XCBuildConfiguration section */
		502E3D9F224BB9DD00D86584 /* Debug */ = {
			isa = XCBuildConfiguration;
			buildSettings = {
				ALWAYS_SEARCH_USER_PATHS = NO;
				CLANG_ANALYZER_NONNULL = YES;
				CLANG_ANALYZER_NUMBER_OBJECT_CONVERSION = YES_AGGRESSIVE;
				CLANG_CXX_LANGUAGE_STANDARD = "gnu++14";
				CLANG_CXX_LIBRARY = "libc++";
				CLANG_ENABLE_MODULES = YES;
				CLANG_ENABLE_OBJC_ARC = YES;
				CLANG_ENABLE_OBJC_WEAK = YES;
				CLANG_WARN_BLOCK_CAPTURE_AUTORELEASING = YES;
				CLANG_WARN_BOOL_CONVERSION = YES;
				CLANG_WARN_COMMA = YES;
				CLANG_WARN_CONSTANT_CONVERSION = YES;
				CLANG_WARN_DEPRECATED_OBJC_IMPLEMENTATIONS = YES;
				CLANG_WARN_DIRECT_OBJC_ISA_USAGE = YES_ERROR;
				CLANG_WARN_DOCUMENTATION_COMMENTS = YES;
				CLANG_WARN_EMPTY_BODY = YES;
				CLANG_WARN_ENUM_CONVERSION = YES;
				CLANG_WARN_INFINITE_RECURSION = YES;
				CLANG_WARN_INT_CONVERSION = YES;
				CLANG_WARN_NON_LITERAL_NULL_CONVERSION = YES;
				CLANG_WARN_OBJC_IMPLICIT_RETAIN_SELF = YES;
				CLANG_WARN_OBJC_LITERAL_CONVERSION = YES;
				CLANG_WARN_OBJC_ROOT_CLASS = YES_ERROR;
				CLANG_WARN_RANGE_LOOP_ANALYSIS = YES;
				CLANG_WARN_STRICT_PROTOTYPES = YES;
				CLANG_WARN_SUSPICIOUS_MOVE = YES;
				CLANG_WARN_UNGUARDED_AVAILABILITY = YES_AGGRESSIVE;
				CLANG_WARN_UNREACHABLE_CODE = YES;
				CLANG_WARN__DUPLICATE_METHOD_MATCH = YES;
				CODE_SIGN_IDENTITY = "iPhone Developer";
				COPY_PHASE_STRIP = NO;
				DEBUG_INFORMATION_FORMAT = dwarf;
				ENABLE_STRICT_OBJC_MSGSEND = YES;
				ENABLE_TESTABILITY = YES;
				GCC_C_LANGUAGE_STANDARD = gnu11;
				GCC_DYNAMIC_NO_PIC = NO;
				GCC_NO_COMMON_BLOCKS = YES;
				GCC_OPTIMIZATION_LEVEL = 0;
				GCC_PREPROCESSOR_DEFINITIONS = (
					"DEBUG=1",
					"$(inherited)",
				);
				GCC_WARN_64_TO_32_BIT_CONVERSION = YES;
				GCC_WARN_ABOUT_RETURN_TYPE = YES_ERROR;
				GCC_WARN_UNDECLARED_SELECTOR = YES;
				GCC_WARN_UNINITIALIZED_AUTOS = YES_AGGRESSIVE;
				GCC_WARN_UNUSED_FUNCTION = YES;
				GCC_WARN_UNUSED_VARIABLE = YES;
				IPHONEOS_DEPLOYMENT_TARGET = 12.1;
				MTL_ENABLE_DEBUG_INFO = INCLUDE_SOURCE;
				MTL_FAST_MATH = YES;
				ONLY_ACTIVE_ARCH = YES;
				SDKROOT = iphoneos;
				SWIFT_ACTIVE_COMPILATION_CONDITIONS = DEBUG;
				SWIFT_OPTIMIZATION_LEVEL = "-Onone";
			};
			name = Debug;
		};
		502E3DA0224BB9DD00D86584 /* Release */ = {
			isa = XCBuildConfiguration;
			buildSettings = {
				ALWAYS_SEARCH_USER_PATHS = NO;
				CLANG_ANALYZER_NONNULL = YES;
				CLANG_ANALYZER_NUMBER_OBJECT_CONVERSION = YES_AGGRESSIVE;
				CLANG_CXX_LANGUAGE_STANDARD = "gnu++14";
				CLANG_CXX_LIBRARY = "libc++";
				CLANG_ENABLE_MODULES = YES;
				CLANG_ENABLE_OBJC_ARC = YES;
				CLANG_ENABLE_OBJC_WEAK = YES;
				CLANG_WARN_BLOCK_CAPTURE_AUTORELEASING = YES;
				CLANG_WARN_BOOL_CONVERSION = YES;
				CLANG_WARN_COMMA = YES;
				CLANG_WARN_CONSTANT_CONVERSION = YES;
				CLANG_WARN_DEPRECATED_OBJC_IMPLEMENTATIONS = YES;
				CLANG_WARN_DIRECT_OBJC_ISA_USAGE = YES_ERROR;
				CLANG_WARN_DOCUMENTATION_COMMENTS = YES;
				CLANG_WARN_EMPTY_BODY = YES;
				CLANG_WARN_ENUM_CONVERSION = YES;
				CLANG_WARN_INFINITE_RECURSION = YES;
				CLANG_WARN_INT_CONVERSION = YES;
				CLANG_WARN_NON_LITERAL_NULL_CONVERSION = YES;
				CLANG_WARN_OBJC_IMPLICIT_RETAIN_SELF = YES;
				CLANG_WARN_OBJC_LITERAL_CONVERSION = YES;
				CLANG_WARN_OBJC_ROOT_CLASS = YES_ERROR;
				CLANG_WARN_RANGE_LOOP_ANALYSIS = YES;
				CLANG_WARN_STRICT_PROTOTYPES = YES;
				CLANG_WARN_SUSPICIOUS_MOVE = YES;
				CLANG_WARN_UNGUARDED_AVAILABILITY = YES_AGGRESSIVE;
				CLANG_WARN_UNREACHABLE_CODE = YES;
				CLANG_WARN__DUPLICATE_METHOD_MATCH = YES;
				CODE_SIGN_IDENTITY = "iPhone Developer";
				COPY_PHASE_STRIP = NO;
				DEBUG_INFORMATION_FORMAT = "dwarf-with-dsym";
				ENABLE_NS_ASSERTIONS = NO;
				ENABLE_STRICT_OBJC_MSGSEND = YES;
				GCC_C_LANGUAGE_STANDARD = gnu11;
				GCC_NO_COMMON_BLOCKS = YES;
				GCC_WARN_64_TO_32_BIT_CONVERSION = YES;
				GCC_WARN_ABOUT_RETURN_TYPE = YES_ERROR;
				GCC_WARN_UNDECLARED_SELECTOR = YES;
				GCC_WARN_UNINITIALIZED_AUTOS = YES_AGGRESSIVE;
				GCC_WARN_UNUSED_FUNCTION = YES;
				GCC_WARN_UNUSED_VARIABLE = YES;
				IPHONEOS_DEPLOYMENT_TARGET = 12.1;
				MTL_ENABLE_DEBUG_INFO = NO;
				MTL_FAST_MATH = YES;
				SDKROOT = iphoneos;
				SWIFT_COMPILATION_MODE = wholemodule;
				SWIFT_OPTIMIZATION_LEVEL = "-O";
				VALIDATE_PRODUCT = YES;
			};
			name = Release;
		};
		502E3DA2224BB9DD00D86584 /* Debug */ = {
			isa = XCBuildConfiguration;
			buildSettings = {
				ASSETCATALOG_COMPILER_APPICON_NAME = AppIcon;
				CODE_SIGN_STYLE = Automatic;
				DEVELOPMENT_TEAM = 49LC2U8GDY;
				INFOPLIST_FILE = Exception/Info.plist;
				LD_RUNPATH_SEARCH_PATHS = (
					"$(inherited)",
					"@executable_path/Frameworks",
				);
				PRODUCT_BUNDLE_IDENTIFIER = "alshohateeaseel-gmail.com.Exception";
				PRODUCT_NAME = "$(TARGET_NAME)";
				SWIFT_VERSION = 4.2;
				TARGETED_DEVICE_FAMILY = "1,2";
			};
			name = Debug;
		};
		502E3DA3224BB9DD00D86584 /* Release */ = {
			isa = XCBuildConfiguration;
			buildSettings = {
				ASSETCATALOG_COMPILER_APPICON_NAME = AppIcon;
				CODE_SIGN_STYLE = Automatic;
				DEVELOPMENT_TEAM = 49LC2U8GDY;
				INFOPLIST_FILE = Exception/Info.plist;
				LD_RUNPATH_SEARCH_PATHS = (
					"$(inherited)",
					"@executable_path/Frameworks",
				);
				PRODUCT_BUNDLE_IDENTIFIER = "alshohateeaseel-gmail.com.Exception";
				PRODUCT_NAME = "$(TARGET_NAME)";
				SWIFT_VERSION = 4.2;
				TARGETED_DEVICE_FAMILY = "1,2";
			};
			name = Release;
		};
/* End XCBuildConfiguration section */

/* Begin XCConfigurationList section */
		502E3D8A224BB9DA00D86584 /* Build configuration list for PBXProject "Exception" */ = {
			isa = XCConfigurationList;
			buildConfigurations = (
				502E3D9F224BB9DD00D86584 /* Debug */,
				502E3DA0224BB9DD00D86584 /* Release */,
			);
			defaultConfigurationIsVisible = 0;
			defaultConfigurationName = Release;
		};
		502E3DA1224BB9DD00D86584 /* Build configuration list for PBXNativeTarget "Exception" */ = {
			isa = XCConfigurationList;
			buildConfigurations = (
				502E3DA2224BB9DD00D86584 /* Debug */,
				502E3DA3224BB9DD00D86584 /* Release */,
			);
			defaultConfigurationIsVisible = 0;
			defaultConfigurationName = Release;
		};
/* End XCConfigurationList section */
	};
	rootObject = 502E3D87224BB9DA00D86584 /* Project object */;
}
